// !$*UTF8*$!
{
	archiveVersion = 1;
	classes = {
	};
	objectVersion = 50;
	objects = {

/* Begin PBXBuildFile section */
		6822497120A8CCCE00BC057A /* AppDelegate.swift in Sources */ = {isa = PBXBuildFile; fileRef = 6822497020A8CCCE00BC057A /* AppDelegate.swift */; };
		6822497320A8CCCE00BC057A /* ViewController.swift in Sources */ = {isa = PBXBuildFile; fileRef = 6822497220A8CCCE00BC057A /* ViewController.swift */; };
		6822497620A8CCCE00BC057A /* Main.storyboard in Resources */ = {isa = PBXBuildFile; fileRef = 6822497420A8CCCE00BC057A /* Main.storyboard */; };
		6822497820A8CCCE00BC057A /* Assets.xcassets in Resources */ = {isa = PBXBuildFile; fileRef = 6822497720A8CCCE00BC057A /* Assets.xcassets */; };
		6822497B20A8CCCE00BC057A /* LaunchScreen.storyboard in Resources */ = {isa = PBXBuildFile; fileRef = 6822497920A8CCCE00BC057A /* LaunchScreen.storyboard */; };
		6822498620A8CCCE00BC057A /* Egg_TimerTests.swift in Sources */ = {isa = PBXBuildFile; fileRef = 6822498520A8CCCE00BC057A /* Egg_TimerTests.swift */; };
		6822499120A8CCCE00BC057A /* Egg_TimerUITests.swift in Sources */ = {isa = PBXBuildFile; fileRef = 6822499020A8CCCE00BC057A /* Egg_TimerUITests.swift */; };
/* End PBXBuildFile section */

/* Begin PBXContainerItemProxy section */
		6822498220A8CCCE00BC057A /* PBXContainerItemProxy */ = {
			isa = PBXContainerItemProxy;
			containerPortal = 6822496520A8CCCE00BC057A /* Project object */;
			proxyType = 1;
			remoteGlobalIDString = 6822496C20A8CCCE00BC057A;
			remoteInfo = "Egg Timer";
		};
		6822498D20A8CCCE00BC057A /* PBXContainerItemProxy */ = {
			isa = PBXContainerItemProxy;
			containerPortal = 6822496520A8CCCE00BC057A /* Project object */;
			proxyType = 1;
			remoteGlobalIDString = 6822496C20A8CCCE00BC057A;
			remoteInfo = "Egg Timer";
		};
/* End PBXContainerItemProxy section */

/* Begin PBXFileReference section */
		6822496D20A8CCCE00BC057A /* Egg Timer.app */ = {isa = PBXFileReference; explicitFileType = wrapper.application; includeInIndex = 0; path = "Egg Timer.app"; sourceTree = BUILT_PRODUCTS_DIR; };
		6822497020A8CCCE00BC057A /* AppDelegate.swift */ = {isa = PBXFileReference; lastKnownFileType = sourcecode.swift; path = AppDelegate.swift; sourceTree = "<group>"; };
		6822497220A8CCCE00BC057A /* ViewController.swift */ = {isa = PBXFileReference; lastKnownFileType = sourcecode.swift; path = ViewController.swift; sourceTree = "<group>"; };
		6822497520A8CCCE00BC057A /* Base */ = {isa = PBXFileReference; lastKnownFileType = file.storyboard; name = Base; path = Base.lproj/Main.storyboard; sourceTree = "<group>"; };
		6822497720A8CCCE00BC057A /* Assets.xcassets */ = {isa = PBXFileReference; lastKnownFileType = folder.assetcatalog; path = Assets.xcassets; sourceTree = "<group>"; };
		6822497A20A8CCCE00BC057A /* Base */ = {isa = PBXFileReference; lastKnownFileType = file.storyboard; name = Base; path = Base.lproj/LaunchScreen.storyboard; sourceTree = "<group>"; };
		6822497C20A8CCCE00BC057A /* Info.plist */ = {isa = PBXFileReference; lastKnownFileType = text.plist.xml; path = Info.plist; sourceTree = "<group>"; };
		6822498120A8CCCE00BC057A /* Egg TimerTests.xctest */ = {isa = PBXFileReference; explicitFileType = wrapper.cfbundle; includeInIndex = 0; path = "Egg TimerTests.xctest"; sourceTree = BUILT_PRODUCTS_DIR; };
		6822498520A8CCCE00BC057A /* Egg_TimerTests.swift */ = {isa = PBXFileReference; lastKnownFileType = sourcecode.swift; path = Egg_TimerTests.swift; sourceTree = "<group>"; };
		6822498720A8CCCE00BC057A /* Info.plist */ = {isa = PBXFileReference; lastKnownFileType = text.plist.xml; path = Info.plist; sourceTree = "<group>"; };
		6822498C20A8CCCE00BC057A /* Egg TimerUITests.xctest */ = {isa = PBXFileReference; explicitFileType = wrapper.cfbundle; includeInIndex = 0; path = "Egg TimerUITests.xctest"; sourceTree = BUILT_PRODUCTS_DIR; };
		6822499020A8CCCE00BC057A /* Egg_TimerUITests.swift */ = {isa = PBXFileReference; lastKnownFileType = sourcecode.swift; path = Egg_TimerUITests.swift; sourceTree = "<group>"; };
		6822499220A8CCCE00BC057A /* Info.plist */ = {isa = PBXFileReference; lastKnownFileType = text.plist.xml; path = Info.plist; sourceTree = "<group>"; };
/* End PBXFileReference section */

/* Begin PBXFrameworksBuildPhase section */
		6822496A20A8CCCE00BC057A /* Frameworks */ = {
			isa = PBXFrameworksBuildPhase;
			buildActionMask = 2147483647;
			files = (
			);
			runOnlyForDeploymentPostprocessing = 0;
		};
		6822497E20A8CCCE00BC057A /* Frameworks */ = {
			isa = PBXFrameworksBuildPhase;
			buildActionMask = 2147483647;
			files = (
			);
			runOnlyForDeploymentPostprocessing = 0;
		};
		6822498920A8CCCE00BC057A /* Frameworks */ = {
			isa = PBXFrameworksBuildPhase;
			buildActionMask = 2147483647;
			files = (
			);
			runOnlyForDeploymentPostprocessing = 0;
		};
/* End PBXFrameworksBuildPhase section */

/* Begin PBXGroup section */
		6822496420A8CCCE00BC057A = {
			isa = PBXGroup;
			children = (
				6822496F20A8CCCE00BC057A /* Egg Timer */,
				6822498420A8CCCE00BC057A /* Egg TimerTests */,
				6822498F20A8CCCE00BC057A /* Egg TimerUITests */,
				6822496E20A8CCCE00BC057A /* Products */,
			);
			sourceTree = "<group>";
		};
		6822496E20A8CCCE00BC057A /* Products */ = {
			isa = PBXGroup;
			children = (
				6822496D20A8CCCE00BC057A /* Egg Timer.app */,
				6822498120A8CCCE00BC057A /* Egg TimerTests.xctest */,
				6822498C20A8CCCE00BC057A /* Egg TimerUITests.xctest */,
			);
			name = Products;
			sourceTree = "<group>";
		};
		6822496F20A8CCCE00BC057A /* Egg Timer */ = {
			isa = PBXGroup;
			children = (
				6822497020A8CCCE00BC057A /* AppDelegate.swift */,
				6822497220A8CCCE00BC057A /* ViewController.swift */,
				6822497420A8CCCE00BC057A /* Main.storyboard */,
				6822497720A8CCCE00BC057A /* Assets.xcassets */,
				6822497920A8CCCE00BC057A /* LaunchScreen.storyboard */,
				6822497C20A8CCCE00BC057A /* Info.plist */,
			);
			path = "Egg Timer";
			sourceTree = "<group>";
		};
		6822498420A8CCCE00BC057A /* Egg TimerTests */ = {
			isa = PBXGroup;
			children = (
				6822498520A8CCCE00BC057A /* Egg_TimerTests.swift */,
				6822498720A8CCCE00BC057A /* Info.plist */,
			);
			path = "Egg TimerTests";
			sourceTree = "<group>";
		};
		6822498F20A8CCCE00BC057A /* Egg TimerUITests */ = {
			isa = PBXGroup;
			children = (
				6822499020A8CCCE00BC057A /* Egg_TimerUITests.swift */,
				6822499220A8CCCE00BC057A /* Info.plist */,
			);
			path = "Egg TimerUITests";
			sourceTree = "<group>";
		};
/* End PBXGroup section */

/* Begin PBXNativeTarget section */
		6822496C20A8CCCE00BC057A /* Egg Timer */ = {
			isa = PBXNativeTarget;
			buildConfigurationList = 6822499520A8CCCF00BC057A /* Build configuration list for PBXNativeTarget "Egg Timer" */;
			buildPhases = (
				6822496920A8CCCE00BC057A /* Sources */,
				6822496A20A8CCCE00BC057A /* Frameworks */,
				6822496B20A8CCCE00BC057A /* Resources */,
			);
			buildRules = (
			);
			dependencies = (
			);
			name = "Egg Timer";
			productName = "Egg Timer";
			productReference = 6822496D20A8CCCE00BC057A /* Egg Timer.app */;
			productType = "com.apple.product-type.application";
		};
		6822498020A8CCCE00BC057A /* Egg TimerTests */ = {
			isa = PBXNativeTarget;
			buildConfigurationList = 6822499820A8CCCF00BC057A /* Build configuration list for PBXNativeTarget "Egg TimerTests" */;
			buildPhases = (
				6822497D20A8CCCE00BC057A /* Sources */,
				6822497E20A8CCCE00BC057A /* Frameworks */,
				6822497F20A8CCCE00BC057A /* Resources */,
			);
			buildRules = (
			);
			dependencies = (
				6822498320A8CCCE00BC057A /* PBXTargetDependency */,
			);
			name = "Egg TimerTests";
			productName = "Egg TimerTests";
			productReference = 6822498120A8CCCE00BC057A /* Egg TimerTests.xctest */;
			productType = "com.apple.product-type.bundle.unit-test";
		};
		6822498B20A8CCCE00BC057A /* Egg TimerUITests */ = {
			isa = PBXNativeTarget;
			buildConfigurationList = 6822499B20A8CCCF00BC057A /* Build configuration list for PBXNativeTarget "Egg TimerUITests" */;
			buildPhases = (
				6822498820A8CCCE00BC057A /* Sources */,
				6822498920A8CCCE00BC057A /* Frameworks */,
				6822498A20A8CCCE00BC057A /* Resources */,
			);
			buildRules = (
			);
			dependencies = (
				6822498E20A8CCCE00BC057A /* PBXTargetDependency */,
			);
			name = "Egg TimerUITests";
			productName = "Egg TimerUITests";
			productReference = 6822498C20A8CCCE00BC057A /* Egg TimerUITests.xctest */;
			productType = "com.apple.product-type.bundle.ui-testing";
		};
/* End PBXNativeTarget section */

/* Begin PBXProject section */
		6822496520A8CCCE00BC057A /* Project object */ = {
			isa = PBXProject;
			attributes = {
				LastSwiftUpdateCheck = 0930;
				LastUpgradeCheck = 0930;
				ORGANIZATIONNAME = "Brent Mifsud";
				TargetAttributes = {
					6822496C20A8CCCE00BC057A = {
						CreatedOnToolsVersion = 9.3;
					};
					6822498020A8CCCE00BC057A = {
						CreatedOnToolsVersion = 9.3;
						TestTargetID = 6822496C20A8CCCE00BC057A;
					};
					6822498B20A8CCCE00BC057A = {
						CreatedOnToolsVersion = 9.3;
						TestTargetID = 6822496C20A8CCCE00BC057A;
					};
				};
			};
			buildConfigurationList = 6822496820A8CCCE00BC057A /* Build configuration list for PBXProject "Egg Timer" */;
			compatibilityVersion = "Xcode 9.3";
			developmentRegion = en;
			hasScannedForEncodings = 0;
			knownRegions = (
				en,
				Base,
			);
			mainGroup = 6822496420A8CCCE00BC057A;
			productRefGroup = 6822496E20A8CCCE00BC057A /* Products */;
			projectDirPath = "";
			projectRoot = "";
			targets = (
				6822496C20A8CCCE00BC057A /* Egg Timer */,
				6822498020A8CCCE00BC057A /* Egg TimerTests */,
				6822498B20A8CCCE00BC057A /* Egg TimerUITests */,
			);
		};
/* End PBXProject section */

/* Begin PBXResourcesBuildPhase section */
		6822496B20A8CCCE00BC057A /* Resources */ = {
			isa = PBXResourcesBuildPhase;
			buildActionMask = 2147483647;
			files = (
				6822497B20A8CCCE00BC057A /* LaunchScreen.storyboard in Resources */,
				6822497820A8CCCE00BC057A /* Assets.xcassets in Resources */,
				6822497620A8CCCE00BC057A /* Main.storyboard in Resources */,
			);
			runOnlyForDeploymentPostprocessing = 0;
		};
		6822497F20A8CCCE00BC057A /* Resources */ = {
			isa = PBXResourcesBuildPhase;
			buildActionMask = 2147483647;
			files = (
			);
			runOnlyForDeploymentPostprocessing = 0;
		};
		6822498A20A8CCCE00BC057A /* Resources */ = {
			isa = PBXResourcesBuildPhase;
			buildActionMask = 2147483647;
			files = (
			);
			runOnlyForDeploymentPostprocessing = 0;
		};
/* End PBXResourcesBuildPhase section */

/* Begin PBXSourcesBuildPhase section */
		6822496920A8CCCE00BC057A /* Sources */ = {
			isa = PBXSourcesBuildPhase;
			buildActionMask = 2147483647;
			files = (
				6822497320A8CCCE00BC057A /* ViewController.swift in Sources */,
				6822497120A8CCCE00BC057A /* AppDelegate.swift in Sources */,
			);
			runOnlyForDeploymentPostprocessing = 0;
		};
		6822497D20A8CCCE00BC057A /* Sources */ = {
			isa = PBXSourcesBuildPhase;
			buildActionMask = 2147483647;
			files = (
				6822498620A8CCCE00BC057A /* Egg_TimerTests.swift in Sources */,
			);
			runOnlyForDeploymentPostprocessing = 0;
		};
		6822498820A8CCCE00BC057A /* Sources */ = {
			isa = PBXSourcesBuildPhase;
			buildActionMask = 2147483647;
			files = (
				6822499120A8CCCE00BC057A /* Egg_TimerUITests.swift in Sources */,
			);
			runOnlyForDeploymentPostprocessing = 0;
		};
/* End PBXSourcesBuildPhase section */

/* Begin PBXTargetDependency section */
		6822498320A8CCCE00BC057A /* PBXTargetDependency */ = {
			isa = PBXTargetDependency;
			target = 6822496C20A8CCCE00BC057A /* Egg Timer */;
			targetProxy = 6822498220A8CCCE00BC057A /* PBXContainerItemProxy */;
		};
		6822498E20A8CCCE00BC057A /* PBXTargetDependency */ = {
			isa = PBXTargetDependency;
			target = 6822496C20A8CCCE00BC057A /* Egg Timer */;
			targetProxy = 6822498D20A8CCCE00BC057A /* PBXContainerItemProxy */;
		};
/* End PBXTargetDependency section */

/* Begin PBXVariantGroup section */
		6822497420A8CCCE00BC057A /* Main.storyboard */ = {
			isa = PBXVariantGroup;
			children = (
				6822497520A8CCCE00BC057A /* Base */,
			);
			name = Main.storyboard;
			sourceTree = "<group>";
		};
		6822497920A8CCCE00BC057A /* LaunchScreen.storyboard */ = {
			isa = PBXVariantGroup;
			children = (
				6822497A20A8CCCE00BC057A /* Base */,
			);
			name = LaunchScreen.storyboard;
			sourceTree = "<group>";
		};
/* End PBXVariantGroup section */

/* Begin XCBuildConfiguration section */
		6822499320A8CCCF00BC057A /* Debug */ = {
			isa = XCBuildConfiguration;
			buildSettings = {
				ALWAYS_SEARCH_USER_PATHS = NO;
				CLANG_ANALYZER_NONNULL = YES;
				CLANG_ANALYZER_NUMBER_OBJECT_CONVERSION = YES_AGGRESSIVE;
				CLANG_CXX_LANGUAGE_STANDARD = "gnu++14";
				CLANG_CXX_LIBRARY = "libc++";
				CLANG_ENABLE_MODULES = YES;
				CLANG_ENABLE_OBJC_ARC = YES;
				CLANG_ENABLE_OBJC_WEAK = YES;
				CLANG_WARN_BLOCK_CAPTURE_AUTORELEASING = YES;
				CLANG_WARN_BOOL_CONVERSION = YES;
				CLANG_WARN_COMMA = YES;
				CLANG_WARN_CONSTANT_CONVERSION = YES;
				CLANG_WARN_DEPRECATED_OBJC_IMPLEMENTATIONS = YES;
				CLANG_WARN_DIRECT_OBJC_ISA_USAGE = YES_ERROR;
				CLANG_WARN_DOCUMENTATION_COMMENTS = YES;
				CLANG_WARN_EMPTY_BODY = YES;
				CLANG_WARN_ENUM_CONVERSION = YES;
				CLANG_WARN_INFINITE_RECURSION = YES;
				CLANG_WARN_INT_CONVERSION = YES;
				CLANG_WARN_NON_LITERAL_NULL_CONVERSION = YES;
				CLANG_WARN_OBJC_IMPLICIT_RETAIN_SELF = YES;
				CLANG_WARN_OBJC_LITERAL_CONVERSION = YES;
				CLANG_WARN_OBJC_ROOT_CLASS = YES_ERROR;
				CLANG_WARN_RANGE_LOOP_ANALYSIS = YES;
				CLANG_WARN_STRICT_PROTOTYPES = YES;
				CLANG_WARN_SUSPICIOUS_MOVE = YES;
				CLANG_WARN_UNGUARDED_AVAILABILITY = YES_AGGRESSIVE;
				CLANG_WARN_UNREACHABLE_CODE = YES;
				CLANG_WARN__DUPLICATE_METHOD_MATCH = YES;
				CODE_SIGN_IDENTITY = "iPhone Developer";
				COPY_PHASE_STRIP = NO;
				DEBUG_INFORMATION_FORMAT = dwarf;
				ENABLE_STRICT_OBJC_MSGSEND = YES;
				ENABLE_TESTABILITY = YES;
				GCC_C_LANGUAGE_STANDARD = gnu11;
				GCC_DYNAMIC_NO_PIC = NO;
				GCC_NO_COMMON_BLOCKS = YES;
				GCC_OPTIMIZATION_LEVEL = 0;
				GCC_PREPROCESSOR_DEFINITIONS = (
					"DEBUG=1",
					"$(inherited)",
				);
				GCC_WARN_64_TO_32_BIT_CONVERSION = YES;
				GCC_WARN_ABOUT_RETURN_TYPE = YES_ERROR;
				GCC_WARN_UNDECLARED_SELECTOR = YES;
				GCC_WARN_UNINITIALIZED_AUTOS = YES_AGGRESSIVE;
				GCC_WARN_UNUSED_FUNCTION = YES;
				GCC_WARN_UNUSED_VARIABLE = YES;
				IPHONEOS_DEPLOYMENT_TARGET = 11.3;
				MTL_ENABLE_DEBUG_INFO = YES;
				ONLY_ACTIVE_ARCH = YES;
				SDKROOT = iphoneos;
				SWIFT_ACTIVE_COMPILATION_CONDITIONS = DEBUG;
				SWIFT_OPTIMIZATION_LEVEL = "-Onone";
			};
			name = Debug;
		};
		6822499420A8CCCF00BC057A /* Release */ = {
			isa = XCBuildConfiguration;
			buildSettings = {
				ALWAYS_SEARCH_USER_PATHS = NO;
				CLANG_ANALYZER_NONNULL = YES;
				CLANG_ANALYZER_NUMBER_OBJECT_CONVERSION = YES_AGGRESSIVE;
				CLANG_CXX_LANGUAGE_STANDARD = "gnu++14";
				CLANG_CXX_LIBRARY = "libc++";
				CLANG_ENABLE_MODULES = YES;
				CLANG_ENABLE_OBJC_ARC = YES;
				CLANG_ENABLE_OBJC_WEAK = YES;
				CLANG_WARN_BLOCK_CAPTURE_AUTORELEASING = YES;
				CLANG_WARN_BOOL_CONVERSION = YES;
				CLANG_WARN_COMMA = YES;
				CLANG_WARN_CONSTANT_CONVERSION = YES;
				CLANG_WARN_DEPRECATED_OBJC_IMPLEMENTATIONS = YES;
				CLANG_WARN_DIRECT_OBJC_ISA_USAGE = YES_ERROR;
				CLANG_WARN_DOCUMENTATION_COMMENTS = YES;
				CLANG_WARN_EMPTY_BODY = YES;
				CLANG_WARN_ENUM_CONVERSION = YES;
				CLANG_WARN_INFINITE_RECURSION = YES;
				CLANG_WARN_INT_CONVERSION = YES;
				CLANG_WARN_NON_LITERAL_NULL_CONVERSION = YES;
				CLANG_WARN_OBJC_IMPLICIT_RETAIN_SELF = YES;
				CLANG_WARN_OBJC_LITERAL_CONVERSION = YES;
				CLANG_WARN_OBJC_ROOT_CLASS = YES_ERROR;
				CLANG_WARN_RANGE_LOOP_ANALYSIS = YES;
				CLANG_WARN_STRICT_PROTOTYPES = YES;
				CLANG_WARN_SUSPICIOUS_MOVE = YES;
				CLANG_WARN_UNGUARDED_AVAILABILITY = YES_AGGRESSIVE;
				CLANG_WARN_UNREACHABLE_CODE = YES;
				CLANG_WARN__DUPLICATE_METHOD_MATCH = YES;
				CODE_SIGN_IDENTITY = "iPhone Developer";
				COPY_PHASE_STRIP = NO;
				DEBUG_INFORMATION_FORMAT = "dwarf-with-dsym";
				ENABLE_NS_ASSERTIONS = NO;
				ENABLE_STRICT_OBJC_MSGSEND = YES;
				GCC_C_LANGUAGE_STANDARD = gnu11;
				GCC_NO_COMMON_BLOCKS = YES;
				GCC_WARN_64_TO_32_BIT_CONVERSION = YES;
				GCC_WARN_ABOUT_RETURN_TYPE = YES_ERROR;
				GCC_WARN_UNDECLARED_SELECTOR = YES;
				GCC_WARN_UNINITIALIZED_AUTOS = YES_AGGRESSIVE;
				GCC_WARN_UNUSED_FUNCTION = YES;
				GCC_WARN_UNUSED_VARIABLE = YES;
				IPHONEOS_DEPLOYMENT_TARGET = 11.3;
				MTL_ENABLE_DEBUG_INFO = NO;
				SDKROOT = iphoneos;
				SWIFT_COMPILATION_MODE = wholemodule;
				SWIFT_OPTIMIZATION_LEVEL = "-O";
				VALIDATE_PRODUCT = YES;
			};
			name = Release;
		};
		6822499620A8CCCF00BC057A /* Debug */ = {
			isa = XCBuildConfiguration;
			buildSettings = {
				ASSETCATALOG_COMPILER_APPICON_NAME = AppIcon;
				CODE_SIGN_STYLE = Automatic;
				INFOPLIST_FILE = "Egg Timer/Info.plist";
				LD_RUNPATH_SEARCH_PATHS = (
					"$(inherited)",
					"@executable_path/Frameworks",
				);
				PRODUCT_BUNDLE_IDENTIFIER = "com.brentmifsud.Egg-Timer";
				PRODUCT_NAME = "$(TARGET_NAME)";
				SWIFT_VERSION = 4.0;
				TARGETED_DEVICE_FAMILY = "1,2";
			};
			name = Debug;
		};
		6822499720A8CCCF00BC057A /* Release */ = {
			isa = XCBuildConfiguration;
			buildSettings = {
				ASSETCATALOG_COMPILER_APPICON_NAME = AppIcon;
				CODE_SIGN_STYLE = Automatic;
				INFOPLIST_FILE = "Egg Timer/Info.plist";
				LD_RUNPATH_SEARCH_PATHS = (
					"$(inherited)",
					"@executable_path/Frameworks",
				);
				PRODUCT_BUNDLE_IDENTIFIER = "com.brentmifsud.Egg-Timer";
				PRODUCT_NAME = "$(TARGET_NAME)";
				SWIFT_VERSION = 4.0;
				TARGETED_DEVICE_FAMILY = "1,2";
			};
			name = Release;
		};
		6822499920A8CCCF00BC057A /* Debug */ = {
			isa = XCBuildConfiguration;
			buildSettings = {
				ALWAYS_EMBED_SWIFT_STANDARD_LIBRARIES = YES;
				BUNDLE_LOADER = "$(TEST_HOST)";
				CODE_SIGN_STYLE = Automatic;
				INFOPLIST_FILE = "Egg TimerTests/Info.plist";
				LD_RUNPATH_SEARCH_PATHS = (
					"$(inherited)",
					"@executable_path/Frameworks",
					"@loader_path/Frameworks",
				);
				PRODUCT_BUNDLE_IDENTIFIER = "com.brentmifsud.Egg-TimerTests";
				PRODUCT_NAME = "$(TARGET_NAME)";
				SWIFT_VERSION = 4.0;
				TARGETED_DEVICE_FAMILY = "1,2";
				TEST_HOST = "$(BUILT_PRODUCTS_DIR)/Egg Timer.app/Egg Timer";
			};
			name = Debug;
		};
		6822499A20A8CCCF00BC057A /* Release */ = {
			isa = XCBuildConfiguration;
			buildSettings = {
				ALWAYS_EMBED_SWIFT_STANDARD_LIBRARIES = YES;
				BUNDLE_LOADER = "$(TEST_HOST)";
				CODE_SIGN_STYLE = Automatic;
				INFOPLIST_FILE = "Egg TimerTests/Info.plist";
				LD_RUNPATH_SEARCH_PATHS = (
					"$(inherited)",
					"@executable_path/Frameworks",
					"@loader_path/Frameworks",
				);
				PRODUCT_BUNDLE_IDENTIFIER = "com.brentmifsud.Egg-TimerTests";
				PRODUCT_NAME = "$(TARGET_NAME)";
				SWIFT_VERSION = 4.0;
				TARGETED_DEVICE_FAMILY = "1,2";
				TEST_HOST = "$(BUILT_PRODUCTS_DIR)/Egg Timer.app/Egg Timer";
			};
			name = Release;
		};
		6822499C20A8CCCF00BC057A /* Debug */ = {
			isa = XCBuildConfiguration;
			buildSettings = {
				ALWAYS_EMBED_SWIFT_STANDARD_LIBRARIES = YES;
				CODE_SIGN_STYLE = Automatic;
				INFOPLIST_FILE = "Egg TimerUITests/Info.plist";
				LD_RUNPATH_SEARCH_PATHS = (
					"$(inherited)",
					"@executable_path/Frameworks",
					"@loader_path/Frameworks",
				);
				PRODUCT_BUNDLE_IDENTIFIER = "com.brentmifsud.Egg-TimerUITests";
				PRODUCT_NAME = "$(TARGET_NAME)";
				SWIFT_VERSION = 4.0;
				TARGETED_DEVICE_FAMILY = "1,2";
				TEST_TARGET_NAME = "Egg Timer";
			};
			name = Debug;
		};
		6822499D20A8CCCF00BC057A /* Release */ = {
			isa = XCBuildConfiguration;
			buildSettings = {
				ALWAYS_EMBED_SWIFT_STANDARD_LIBRARIES = YES;
				CODE_SIGN_STYLE = Automatic;
				INFOPLIST_FILE = "Egg TimerUITests/Info.plist";
				LD_RUNPATH_SEARCH_PATHS = (
					"$(inherited)",
					"@executable_path/Frameworks",
					"@loader_path/Frameworks",
				);
				PRODUCT_BUNDLE_IDENTIFIER = "com.brentmifsud.Egg-TimerUITests";
				PRODUCT_NAME = "$(TARGET_NAME)";
				SWIFT_VERSION = 4.0;
				TARGETED_DEVICE_FAMILY = "1,2";
				TEST_TARGET_NAME = "Egg Timer";
			};
			name = Release;
		};
/* End XCBuildConfiguration section */

/* Begin XCConfigurationList section */
		6822496820A8CCCE00BC057A /* Build configuration list for PBXProject "Egg Timer" */ = {
			isa = XCConfigurationList;
			buildConfigurations = (
				6822499320A8CCCF00BC057A /* Debug */,
				6822499420A8CCCF00BC057A /* Release */,
			);
			defaultConfigurationIsVisible = 0;
			defaultConfigurationName = Release;
		};
		6822499520A8CCCF00BC057A /* Build configuration list for PBXNativeTarget "Egg Timer" */ = {
			isa = XCConfigurationList;
			buildConfigurations = (
				6822499620A8CCCF00BC057A /* Debug */,
				6822499720A8CCCF00BC057A /* Release */,
			);
			defaultConfigurationIsVisible = 0;
			defaultConfigurationName = Release;
		};
		6822499820A8CCCF00BC057A /* Build configuration list for PBXNativeTarget "Egg TimerTests" */ = {
			isa = XCConfigurationList;
			buildConfigurations = (
				6822499920A8CCCF00BC057A /* Debug */,
				6822499A20A8CCCF00BC057A /* Release */,
			);
			defaultConfigurationIsVisible = 0;
			defaultConfigurationName = Release;
		};
		6822499B20A8CCCF00BC057A /* Build configuration list for PBXNativeTarget "Egg TimerUITests" */ = {
			isa = XCConfigurationList;
			buildConfigurations = (
				6822499C20A8CCCF00BC057A /* Debug */,
				6822499D20A8CCCF00BC057A /* Release */,
			);
			defaultConfigurationIsVisible = 0;
			defaultConfigurationName = Release;
		};
/* End XCConfigurationList section */
	};
	rootObject = 6822496520A8CCCE00BC057A /* Project object */;
}
